
Microsoft Visual Studio Solution File, Format Version 12.00
# Visual Studio Version 17
VisualStudioVersion = 17.14.36915.13 d17.14
MinimumVisualStudioVersion = 10.0.40219.1
Project("{FAE04EC0-301F-11D3-BF4B-00C04F79EFBC}") = "PhoneBookAPI", "PhoneBookAPI.csproj", "{EEBD8CFE-BE21-438F-8429-3194FAA18E6A}"
EndProject
Global
	GlobalSection(SolutionConfigurationPlatforms) = preSolution
		Debug|Any CPU = Debug|Any CPU
		Release|Any CPU = Release|Any CPU
	EndGlobalSection
	GlobalSection(ProjectConfigurationPlatforms) = postSolution
		{EEBD8CFE-BE21-438F-8429-3194FAA18E6A}.Debug|Any CPU.ActiveCfg = Debug|Any CPU
		{EEBD8CFE-BE21-438F-8429-3194FAA18E6A}.Debug|Any CPU.Build.0 = Debug|Any CPU
		{EEBD8CFE-BE21-438F-8429-3194FAA18E6A}.Release|Any CPU.ActiveCfg = Release|Any CPU
		{EEBD8CFE-BE21-438F-8429-3194FAA18E6A}.Release|Any CPU.Build.0 = Release|Any CPU
	EndGlobalSection
	GlobalSection(SolutionProperties) = preSolution
		HideSolutionNode = FALSE
	EndGlobalSection
	GlobalSection(ExtensibilityGlobals) = postSolution
		SolutionGuid = {B634F856-5F13-4424-9998-E98DC412DFFD}
	EndGlobalSection
EndGlobal
